
Microsoft Visual Studio Solution File, Format Version 12.00
Project("{FAE04EC0-301F-11D3-BF4B-00C04F79EFBC}") = "LanderConsole", "LanderConsole\LanderConsole.csproj", "{44FBFE13-20E0-4DD7-B583-309A48085529}"
EndProject
Global
	GlobalSection(SolutionConfigurationPlatforms) = preSolution
		Debug|Any CPU = Debug|Any CPU
		Release|Any CPU = Release|Any CPU
	EndGlobalSection
	GlobalSection(ProjectConfigurationPlatforms) = postSolution
		{44FBFE13-20E0-4DD7-B583-309A48085529}.Debug|Any CPU.ActiveCfg = Debug|Any CPU
		{44FBFE13-20E0-4DD7-B583-309A48085529}.Debug|Any CPU.Build.0 = Debug|Any CPU
		{44FBFE13-20E0-4DD7-B583-309A48085529}.Release|Any CPU.ActiveCfg = Release|Any CPU
		{44FBFE13-20E0-4DD7-B583-309A48085529}.Release|Any CPU.Build.0 = Release|Any CPU
	EndGlobalSection
EndGlobal
